
Microsoft Visual Studio Solution File, Format Version 12.00
# Visual Studio Version 17
VisualStudioVersion = 17.14.36327.8 d17.14
MinimumVisualStudioVersion = 10.0.40219.1
Project("{FAE04EC0-301F-11D3-BF4B-00C04F79EFBC}") = "My_Core_Project", "My_Core_Project\My_Core_Project.csproj", "{5A15E9CB-53D7-4CEA-B5DC-8D68E6DE73A7}"
EndProject
Global
	GlobalSection(SolutionConfigurationPlatforms) = preSolution
		Debug|Any CPU = Debug|Any CPU
		Release|Any CPU = Release|Any CPU
	EndGlobalSection
	GlobalSection(ProjectConfigurationPlatforms) = postSolution
		{5A15E9CB-53D7-4CEA-B5DC-8D68E6DE73A7}.Debug|Any CPU.ActiveCfg = Debug|Any CPU
		{5A15E9CB-53D7-4CEA-B5DC-8D68E6DE73A7}.Debug|Any CPU.Build.0 = Debug|Any CPU
		{5A15E9CB-53D7-4CEA-B5DC-8D68E6DE73A7}.Release|Any CPU.ActiveCfg = Release|Any CPU
		{5A15E9CB-53D7-4CEA-B5DC-8D68E6DE73A7}.Release|Any CPU.Build.0 = Release|Any CPU
	EndGlobalSection
	GlobalSection(SolutionProperties) = preSolution
		HideSolutionNode = FALSE
	EndGlobalSection
	GlobalSection(ExtensibilityGlobals) = postSolution
		SolutionGuid = {9588B63B-64E9-4335-95D7-EA41971707D0}
	EndGlobalSection
EndGlobal
